
Microsoft Visual Studio Solution File, Format Version 12.00
# Visual Studio 15
VisualStudioVersion = 15.0.28010.2041
MinimumVisualStudioVersion = 10.0.40219.1
Project("{FAE04EC0-301F-11D3-BF4B-00C04F79EFBC}") = "WebPrueba2", "WebPrueba2\WebPrueba2.csproj", "{4FCA13AB-0B47-45E7-931D-6ABE2E47112B}"
EndProject
Global
	GlobalSection(SolutionConfigurationPlatforms) = preSolution
		Debug|Any CPU = Debug|Any CPU
		Release|Any CPU = Release|Any CPU
	EndGlobalSection
	GlobalSection(ProjectConfigurationPlatforms) = postSolution
		{4FCA13AB-0B47-45E7-931D-6ABE2E47112B}.Debug|Any CPU.ActiveCfg = Debug|Any CPU
		{4FCA13AB-0B47-45E7-931D-6ABE2E47112B}.Debug|Any CPU.Build.0 = Debug|Any CPU
		{4FCA13AB-0B47-45E7-931D-6ABE2E47112B}.Release|Any CPU.ActiveCfg = Release|Any CPU
		{4FCA13AB-0B47-45E7-931D-6ABE2E47112B}.Release|Any CPU.Build.0 = Release|Any CPU
	EndGlobalSection
	GlobalSection(SolutionProperties) = preSolution
		HideSolutionNode = FALSE
	EndGlobalSection
	GlobalSection(ExtensibilityGlobals) = postSolution
		SolutionGuid = {8D5C38D0-DC1B-4BF9-811C-74D02F28F75E}
	EndGlobalSection
EndGlobal
